// !$*UTF8*$!
{
	archiveVersion = 1;
	classes = {
	};
	objectVersion = 46;
	objects = {

/* Begin PBXBuildFile section */
		181F58B31BA648A100C2A32C /* main.m in Sources */ = {isa = PBXBuildFile; fileRef = 181F58B21BA648A100C2A32C /* main.m */; };
		181F58B61BA648A100C2A32C /* AppDelegate.m in Sources */ = {isa = PBXBuildFile; fileRef = 181F58B51BA648A100C2A32C /* AppDelegate.m */; };
		181F58BC1BA648A100C2A32C /* Main.storyboard in Resources */ = {isa = PBXBuildFile; fileRef = 181F58BA1BA648A100C2A32C /* Main.storyboard */; };
		181F58BE1BA648A100C2A32C /* Images.xcassets in Resources */ = {isa = PBXBuildFile; fileRef = 181F58BD1BA648A100C2A32C /* Images.xcassets */; };
		181F58C11BA648A100C2A32C /* LaunchScreen.xib in Resources */ = {isa = PBXBuildFile; fileRef = 181F58BF1BA648A100C2A32C /* LaunchScreen.xib */; };
		181F58CD1BA648A100C2A32C /* PokemonReloadedTests.m in Sources */ = {isa = PBXBuildFile; fileRef = 181F58CC1BA648A100C2A32C /* PokemonReloadedTests.m */; };
		181F58D81BA649DA00C2A32C /* PokemonTableVC.m in Sources */ = {isa = PBXBuildFile; fileRef = 181F58D71BA649DA00C2A32C /* PokemonTableVC.m */; };
		181F58DB1BA653FC00C2A32C /* PokemonDetailVC.m in Sources */ = {isa = PBXBuildFile; fileRef = 181F58DA1BA653FC00C2A32C /* PokemonDetailVC.m */; };
/* End PBXBuildFile section */

/* Begin PBXContainerItemProxy section */
		181F58C71BA648A100C2A32C /* PBXContainerItemProxy */ = {
			isa = PBXContainerItemProxy;
			containerPortal = 181F58A51BA648A100C2A32C /* Project object */;
			proxyType = 1;
			remoteGlobalIDString = 181F58AC1BA648A100C2A32C;
			remoteInfo = PokemonReloaded;
		};
/* End PBXContainerItemProxy section */

/* Begin PBXFileReference section */
		181F58AD1BA648A100C2A32C /* PokemonReloaded.app */ = {isa = PBXFileReference; explicitFileType = wrapper.application; includeInIndex = 0; path = PokemonReloaded.app; sourceTree = BUILT_PRODUCTS_DIR; };
		181F58B11BA648A100C2A32C /* Info.plist */ = {isa = PBXFileReference; lastKnownFileType = text.plist.xml; path = Info.plist; sourceTree = "<group>"; };
		181F58B21BA648A100C2A32C /* main.m */ = {isa = PBXFileReference; lastKnownFileType = sourcecode.c.objc; path = main.m; sourceTree = "<group>"; };
		181F58B41BA648A100C2A32C /* AppDelegate.h */ = {isa = PBXFileReference; lastKnownFileType = sourcecode.c.h; path = AppDelegate.h; sourceTree = "<group>"; };
		181F58B51BA648A100C2A32C /* AppDelegate.m */ = {isa = PBXFileReference; lastKnownFileType = sourcecode.c.objc; path = AppDelegate.m; sourceTree = "<group>"; };
		181F58BB1BA648A100C2A32C /* Base */ = {isa = PBXFileReference; lastKnownFileType = file.storyboard; name = Base; path = Base.lproj/Main.storyboard; sourceTree = "<group>"; };
		181F58BD1BA648A100C2A32C /* Images.xcassets */ = {isa = PBXFileReference; lastKnownFileType = folder.assetcatalog; path = Images.xcassets; sourceTree = "<group>"; };
		181F58C01BA648A100C2A32C /* Base */ = {isa = PBXFileReference; lastKnownFileType = file.xib; name = Base; path = Base.lproj/LaunchScreen.xib; sourceTree = "<group>"; };
		181F58C61BA648A100C2A32C /* PokemonReloadedTests.xctest */ = {isa = PBXFileReference; explicitFileType = wrapper.cfbundle; includeInIndex = 0; path = PokemonReloadedTests.xctest; sourceTree = BUILT_PRODUCTS_DIR; };
		181F58CB1BA648A100C2A32C /* Info.plist */ = {isa = PBXFileReference; lastKnownFileType = text.plist.xml; path = Info.plist; sourceTree = "<group>"; };
		181F58CC1BA648A100C2A32C /* PokemonReloadedTests.m */ = {isa = PBXFileReference; lastKnownFileType = sourcecode.c.objc; path = PokemonReloadedTests.m; sourceTree = "<group>"; };
		181F58D61BA649DA00C2A32C /* PokemonTableVC.h */ = {isa = PBXFileReference; fileEncoding = 4; lastKnownFileType = sourcecode.c.h; path = PokemonTableVC.h; sourceTree = "<group>"; };
		181F58D71BA649DA00C2A32C /* PokemonTableVC.m */ = {isa = PBXFileReference; fileEncoding = 4; lastKnownFileType = sourcecode.c.objc; path = PokemonTableVC.m; sourceTree = "<group>"; };
		181F58D91BA653FC00C2A32C /* PokemonDetailVC.h */ = {isa = PBXFileReference; fileEncoding = 4; lastKnownFileType = sourcecode.c.h; path = PokemonDetailVC.h; sourceTree = "<group>"; };
		181F58DA1BA653FC00C2A32C /* PokemonDetailVC.m */ = {isa = PBXFileReference; fileEncoding = 4; lastKnownFileType = sourcecode.c.objc; path = PokemonDetailVC.m; sourceTree = "<group>"; };
/* End PBXFileReference section */

/* Begin PBXFrameworksBuildPhase section */
		181F58AA1BA648A100C2A32C /* Frameworks */ = {
			isa = PBXFrameworksBuildPhase;
			buildActionMask = 2147483647;
			files = (
			);
			runOnlyForDeploymentPostprocessing = 0;
		};
		181F58C31BA648A100C2A32C /* Frameworks */ = {
			isa = PBXFrameworksBuildPhase;
			buildActionMask = 2147483647;
			files = (
			);
			runOnlyForDeploymentPostprocessing = 0;
		};
/* End PBXFrameworksBuildPhase section */

/* Begin PBXGroup section */
		181F58A41BA648A100C2A32C = {
			isa = PBXGroup;
			children = (
				181F58AF1BA648A100C2A32C /* PokemonReloaded */,
				181F58C91BA648A100C2A32C /* PokemonReloadedTests */,
				181F58AE1BA648A100C2A32C /* Products */,
			);
			sourceTree = "<group>";
		};
		181F58AE1BA648A100C2A32C /* Products */ = {
			isa = PBXGroup;
			children = (
				181F58AD1BA648A100C2A32C /* PokemonReloaded.app */,
				181F58C61BA648A100C2A32C /* PokemonReloadedTests.xctest */,
			);
			name = Products;
			sourceTree = "<group>";
		};
		181F58AF1BA648A100C2A32C /* PokemonReloaded */ = {
			isa = PBXGroup;
			children = (
				181F58B41BA648A100C2A32C /* AppDelegate.h */,
				181F58B51BA648A100C2A32C /* AppDelegate.m */,
				181F58D61BA649DA00C2A32C /* PokemonTableVC.h */,
				181F58D71BA649DA00C2A32C /* PokemonTableVC.m */,
				181F58BA1BA648A100C2A32C /* Main.storyboard */,
				181F58D91BA653FC00C2A32C /* PokemonDetailVC.h */,
				181F58DA1BA653FC00C2A32C /* PokemonDetailVC.m */,
				181F58BD1BA648A100C2A32C /* Images.xcassets */,
				181F58BF1BA648A100C2A32C /* LaunchScreen.xib */,
				181F58B01BA648A100C2A32C /* Supporting Files */,
			);
			path = PokemonReloaded;
			sourceTree = "<group>";
		};
		181F58B01BA648A100C2A32C /* Supporting Files */ = {
			isa = PBXGroup;
			children = (
				181F58B11BA648A100C2A32C /* Info.plist */,
				181F58B21BA648A100C2A32C /* main.m */,
			);
			name = "Supporting Files";
			sourceTree = "<group>";
		};
		181F58C91BA648A100C2A32C /* PokemonReloadedTests */ = {
			isa = PBXGroup;
			children = (
				181F58CC1BA648A100C2A32C /* PokemonReloadedTests.m */,
				181F58CA1BA648A100C2A32C /* Supporting Files */,
			);
			path = PokemonReloadedTests;
			sourceTree = "<group>";
		};
		181F58CA1BA648A100C2A32C /* Supporting Files */ = {
			isa = PBXGroup;
			children = (
				181F58CB1BA648A100C2A32C /* Info.plist */,
			);
			name = "Supporting Files";
			sourceTree = "<group>";
		};
/* End PBXGroup section */

/* Begin PBXNativeTarget section */
		181F58AC1BA648A100C2A32C /* PokemonReloaded */ = {
			isa = PBXNativeTarget;
			buildConfigurationList = 181F58D01BA648A100C2A32C /* Build configuration list for PBXNativeTarget "PokemonReloaded" */;
			buildPhases = (
				181F58A91BA648A100C2A32C /* Sources */,
				181F58AA1BA648A100C2A32C /* Frameworks */,
				181F58AB1BA648A100C2A32C /* Resources */,
			);
			buildRules = (
			);
			dependencies = (
			);
			name = PokemonReloaded;
			productName = PokemonReloaded;
			productReference = 181F58AD1BA648A100C2A32C /* PokemonReloaded.app */;
			productType = "com.apple.product-type.application";
		};
		181F58C51BA648A100C2A32C /* PokemonReloadedTests */ = {
			isa = PBXNativeTarget;
			buildConfigurationList = 181F58D31BA648A100C2A32C /* Build configuration list for PBXNativeTarget "PokemonReloadedTests" */;
			buildPhases = (
				181F58C21BA648A100C2A32C /* Sources */,
				181F58C31BA648A100C2A32C /* Frameworks */,
				181F58C41BA648A100C2A32C /* Resources */,
			);
			buildRules = (
			);
			dependencies = (
				181F58C81BA648A100C2A32C /* PBXTargetDependency */,
			);
			name = PokemonReloadedTests;
			productName = PokemonReloadedTests;
			productReference = 181F58C61BA648A100C2A32C /* PokemonReloadedTests.xctest */;
			productType = "com.apple.product-type.bundle.unit-test";
		};
/* End PBXNativeTarget section */

/* Begin PBXProject section */
		181F58A51BA648A100C2A32C /* Project object */ = {
			isa = PBXProject;
			attributes = {
				LastUpgradeCheck = 0630;
				ORGANIZATIONNAME = MacManApp;
				TargetAttributes = {
					181F58AC1BA648A100C2A32C = {
						CreatedOnToolsVersion = 6.3.2;
					};
					181F58C51BA648A100C2A32C = {
						CreatedOnToolsVersion = 6.3.2;
						TestTargetID = 181F58AC1BA648A100C2A32C;
					};
				};
			};
			buildConfigurationList = 181F58A81BA648A100C2A32C /* Build configuration list for PBXProject "PokemonReloaded" */;
			compatibilityVersion = "Xcode 3.2";
			developmentRegion = English;
			hasScannedForEncodings = 0;
			knownRegions = (
				en,
				Base,
			);
			mainGroup = 181F58A41BA648A100C2A32C;
			productRefGroup = 181F58AE1BA648A100C2A32C /* Products */;
			projectDirPath = "";
			projectRoot = "";
			targets = (
				181F58AC1BA648A100C2A32C /* PokemonReloaded */,
				181F58C51BA648A100C2A32C /* PokemonReloadedTests */,
			);
		};
/* End PBXProject section */

/* Begin PBXResourcesBuildPhase section */
		181F58AB1BA648A100C2A32C /* Resources */ = {
			isa = PBXResourcesBuildPhase;
			buildActionMask = 2147483647;
			files = (
				181F58BC1BA648A100C2A32C /* Main.storyboard in Resources */,
				181F58C11BA648A100C2A32C /* LaunchScreen.xib in Resources */,
				181F58BE1BA648A100C2A32C /* Images.xcassets in Resources */,
			);
			runOnlyForDeploymentPostprocessing = 0;
		};
		181F58C41BA648A100C2A32C /* Resources */ = {
			isa = PBXResourcesBuildPhase;
			buildActionMask = 2147483647;
			files = (
			);
			runOnlyForDeploymentPostprocessing = 0;
		};
/* End PBXResourcesBuildPhase section */

/* Begin PBXSourcesBuildPhase section */
		181F58A91BA648A100C2A32C /* Sources */ = {
			isa = PBXSourcesBuildPhase;
			buildActionMask = 2147483647;
			files = (
				181F58B61BA648A100C2A32C /* AppDelegate.m in Sources */,
				181F58DB1BA653FC00C2A32C /* PokemonDetailVC.m in Sources */,
				181F58D81BA649DA00C2A32C /* PokemonTableVC.m in Sources */,
				181F58B31BA648A100C2A32C /* main.m in Sources */,
			);
			runOnlyForDeploymentPostprocessing = 0;
		};
		181F58C21BA648A100C2A32C /* Sources */ = {
			isa = PBXSourcesBuildPhase;
			buildActionMask = 2147483647;
			files = (
				181F58CD1BA648A100C2A32C /* PokemonReloadedTests.m in Sources */,
			);
			runOnlyForDeploymentPostprocessing = 0;
		};
/* End PBXSourcesBuildPhase section */

/* Begin PBXTargetDependency section */
		181F58C81BA648A100C2A32C /* PBXTargetDependency */ = {
			isa = PBXTargetDependency;
			target = 181F58AC1BA648A100C2A32C /* PokemonReloaded */;
			targetProxy = 181F58C71BA648A100C2A32C /* PBXContainerItemProxy */;
		};
/* End PBXTargetDependency section */

/* Begin PBXVariantGroup section */
		181F58BA1BA648A100C2A32C /* Main.storyboard */ = {
			isa = PBXVariantGroup;
			children = (
				181F58BB1BA648A100C2A32C /* Base */,
			);
			name = Main.storyboard;
			sourceTree = "<group>";
		};
		181F58BF1BA648A100C2A32C /* LaunchScreen.xib */ = {
			isa = PBXVariantGroup;
			children = (
				181F58C01BA648A100C2A32C /* Base */,
			);
			name = LaunchScreen.xib;
			sourceTree = "<group>";
		};
/* End PBXVariantGroup section */

/* Begin XCBuildConfiguration section */
		181F58CE1BA648A100C2A32C /* Debug */ = {
			isa = XCBuildConfiguration;
			buildSettings = {
				ALWAYS_SEARCH_USER_PATHS = NO;
				CLANG_CXX_LANGUAGE_STANDARD = "gnu++0x";
				CLANG_CXX_LIBRARY = "libc++";
				CLANG_ENABLE_MODULES = YES;
				CLANG_ENABLE_OBJC_ARC = YES;
				CLANG_WARN_BOOL_CONVERSION = YES;
				CLANG_WARN_CONSTANT_CONVERSION = YES;
				CLANG_WARN_DIRECT_OBJC_ISA_USAGE = YES_ERROR;
				CLANG_WARN_EMPTY_BODY = YES;
				CLANG_WARN_ENUM_CONVERSION = YES;
				CLANG_WARN_INT_CONVERSION = YES;
				CLANG_WARN_OBJC_ROOT_CLASS = YES_ERROR;
				CLANG_WARN_UNREACHABLE_CODE = YES;
				CLANG_WARN__DUPLICATE_METHOD_MATCH = YES;
				"CODE_SIGN_IDENTITY[sdk=iphoneos*]" = "iPhone Developer";
				COPY_PHASE_STRIP = NO;
				DEBUG_INFORMATION_FORMAT = "dwarf-with-dsym";
				ENABLE_STRICT_OBJC_MSGSEND = YES;
				GCC_C_LANGUAGE_STANDARD = gnu99;
				GCC_DYNAMIC_NO_PIC = NO;
				GCC_NO_COMMON_BLOCKS = YES;
				GCC_OPTIMIZATION_LEVEL = 0;
				GCC_PREPROCESSOR_DEFINITIONS = (
					"DEBUG=1",
					"$(inherited)",
				);
				GCC_SYMBOLS_PRIVATE_EXTERN = NO;
				GCC_WARN_64_TO_32_BIT_CONVERSION = YES;
				GCC_WARN_ABOUT_RETURN_TYPE = YES_ERROR;
				GCC_WARN_UNDECLARED_SELECTOR = YES;
				GCC_WARN_UNINITIALIZED_AUTOS = YES_AGGRESSIVE;
				GCC_WARN_UNUSED_FUNCTION = YES;
				GCC_WARN_UNUSED_VARIABLE = YES;
				IPHONEOS_DEPLOYMENT_TARGET = 8.3;
				MTL_ENABLE_DEBUG_INFO = YES;
				ONLY_ACTIVE_ARCH = YES;
				SDKROOT = iphoneos;
				TARGETED_DEVICE_FAMILY = "1,2";
			};
			name = Debug;
		};
		181F58CF1BA648A100C2A32C /* Release */ = {
			isa = XCBuildConfiguration;
			buildSettings = {
				ALWAYS_SEARCH_USER_PATHS = NO;
				CLANG_CXX_LANGUAGE_STANDARD = "gnu++0x";
				CLANG_CXX_LIBRARY = "libc++";
				CLANG_ENABLE_MODULES = YES;
				CLANG_ENABLE_OBJC_ARC = YES;
				CLANG_WARN_BOOL_CONVERSION = YES;
				CLANG_WARN_CONSTANT_CONVERSION = YES;
				CLANG_WARN_DIRECT_OBJC_ISA_USAGE = YES_ERROR;
				CLANG_WARN_EMPTY_BODY = YES;
				CLANG_WARN_ENUM_CONVERSION = YES;
				CLANG_WARN_INT_CONVERSION = YES;
				CLANG_WARN_OBJC_ROOT_CLASS = YES_ERROR;
				CLANG_WARN_UNREACHABLE_CODE = YES;
				CLANG_WARN__DUPLICATE_METHOD_MATCH = YES;
				"CODE_SIGN_IDENTITY[sdk=iphoneos*]" = "iPhone Developer";
				COPY_PHASE_STRIP = NO;
				DEBUG_INFORMATION_FORMAT = "dwarf-with-dsym";
				ENABLE_NS_ASSERTIONS = NO;
				ENABLE_STRICT_OBJC_MSGSEND = YES;
				GCC_C_LANGUAGE_STANDARD = gnu99;
				GCC_NO_COMMON_BLOCKS = YES;
				GCC_WARN_64_TO_32_BIT_CONVERSION = YES;
				GCC_WARN_ABOUT_RETURN_TYPE = YES_ERROR;
				GCC_WARN_UNDECLARED_SELECTOR = YES;
				GCC_WARN_UNINITIALIZED_AUTOS = YES_AGGRESSIVE;
				GCC_WARN_UNUSED_FUNCTION = YES;
				GCC_WARN_UNUSED_VARIABLE = YES;
				IPHONEOS_DEPLOYMENT_TARGET = 8.3;
				MTL_ENABLE_DEBUG_INFO = NO;
				SDKROOT = iphoneos;
				TARGETED_DEVICE_FAMILY = "1,2";
				VALIDATE_PRODUCT = YES;
			};
			name = Release;
		};
		181F58D11BA648A100C2A32C /* Debug */ = {
			isa = XCBuildConfiguration;
			buildSettings = {
				ASSETCATALOG_COMPILER_APPICON_NAME = AppIcon;
				INFOPLIST_FILE = PokemonReloaded/Info.plist;
				LD_RUNPATH_SEARCH_PATHS = "$(inherited) @executable_path/Frameworks";
				PRODUCT_NAME = "$(TARGET_NAME)";
			};
			name = Debug;
		};
		181F58D21BA648A100C2A32C /* Release */ = {
			isa = XCBuildConfiguration;
			buildSettings = {
				ASSETCATALOG_COMPILER_APPICON_NAME = AppIcon;
				INFOPLIST_FILE = PokemonReloaded/Info.plist;
				LD_RUNPATH_SEARCH_PATHS = "$(inherited) @executable_path/Frameworks";
				PRODUCT_NAME = "$(TARGET_NAME)";
			};
			name = Release;
		};
		181F58D41BA648A100C2A32C /* Debug */ = {
			isa = XCBuildConfiguration;
			buildSettings = {
				BUNDLE_LOADER = "$(TEST_HOST)";
				FRAMEWORK_SEARCH_PATHS = (
					"$(SDKROOT)/Developer/Library/Frameworks",
					"$(inherited)",
				);
				GCC_PREPROCESSOR_DEFINITIONS = (
					"DEBUG=1",
					"$(inherited)",
				);
				INFOPLIST_FILE = PokemonReloadedTests/Info.plist;
				LD_RUNPATH_SEARCH_PATHS = "$(inherited) @executable_path/Frameworks @loader_path/Frameworks";
				PRODUCT_NAME = "$(TARGET_NAME)";
				TEST_HOST = "$(BUILT_PRODUCTS_DIR)/PokemonReloaded.app/PokemonReloaded";
			};
			name = Debug;
		};
		181F58D51BA648A100C2A32C /* Release */ = {
			isa = XCBuildConfiguration;
			buildSettings = {
				BUNDLE_LOADER = "$(TEST_HOST)";
				FRAMEWORK_SEARCH_PATHS = (
					"$(SDKROOT)/Developer/Library/Frameworks",
					"$(inherited)",
				);
				INFOPLIST_FILE = PokemonReloadedTests/Info.plist;
				LD_RUNPATH_SEARCH_PATHS = "$(inherited) @executable_path/Frameworks @loader_path/Frameworks";
				PRODUCT_NAME = "$(TARGET_NAME)";
				TEST_HOST = "$(BUILT_PRODUCTS_DIR)/PokemonReloaded.app/PokemonReloaded";
			};
			name = Release;
		};
/* End XCBuildConfiguration section */

/* Begin XCConfigurationList section */
		181F58A81BA648A100C2A32C /* Build configuration list for PBXProject "PokemonReloaded" */ = {
			isa = XCConfigurationList;
			buildConfigurations = (
				181F58CE1BA648A100C2A32C /* Debug */,
				181F58CF1BA648A100C2A32C /* Release */,
			);
			defaultConfigurationIsVisible = 0;
			defaultConfigurationName = Release;
		};
		181F58D01BA648A100C2A32C /* Build configuration list for PBXNativeTarget "PokemonReloaded" */ = {
			isa = XCConfigurationList;
			buildConfigurations = (
				181F58D11BA648A100C2A32C /* Debug */,
				181F58D21BA648A100C2A32C /* Release */,
			);
			defaultConfigurationIsVisible = 0;
		};
		181F58D31BA648A100C2A32C /* Build configuration list for PBXNativeTarget "PokemonReloadedTests" */ = {
			isa = XCConfigurationList;
			buildConfigurations = (
				181F58D41BA648A100C2A32C /* Debug */,
				181F58D51BA648A100C2A32C /* Release */,
			);
			defaultConfigurationIsVisible = 0;
		};
/* End XCConfigurationList section */
	};
	rootObject = 181F58A51BA648A100C2A32C /* Project object */;
}
